// !$*UTF8*$!
{
	archiveVersion = 1;
	classes = {
	};
	objectVersion = 77;
	objects = {

/* Begin PBXBuildFile section */
		ED40A70C2D65BDBF00EB7BC5 /* DGCharts in Frameworks */ = {isa = PBXBuildFile; productRef = ED40A70B2D65BDBF00EB7BC5 /* DGCharts */; };
/* End PBXBuildFile section */

/* Begin PBXContainerItemProxy section */
		ED98CEEA2D536CB00073779C /* PBXContainerItemProxy */ = {
			isa = PBXContainerItemProxy;
			containerPortal = ED98CECB2D536CAD0073779C /* Project object */;
			proxyType = 1;
			remoteGlobalIDString = ED98CED22D536CAD0073779C;
			remoteInfo = TodoFlow;
		};
		ED98CEF42D536CB00073779C /* PBXContainerItemProxy */ = {
			isa = PBXContainerItemProxy;
			containerPortal = ED98CECB2D536CAD0073779C /* Project object */;
			proxyType = 1;
			remoteGlobalIDString = ED98CED22D536CAD0073779C;
			remoteInfo = TodoFlow;
		};
/* End PBXContainerItemProxy section */

/* Begin PBXFileReference section */
		ED98CED32D536CAD0073779C /* TodoFlow.app */ = {isa = PBXFileReference; explicitFileType = wrapper.application; includeInIndex = 0; path = TodoFlow.app; sourceTree = BUILT_PRODUCTS_DIR; };
		ED98CEE92D536CB00073779C /* TodoFlowTests.xctest */ = {isa = PBXFileReference; explicitFileType = wrapper.cfbundle; includeInIndex = 0; path = TodoFlowTests.xctest; sourceTree = BUILT_PRODUCTS_DIR; };
		ED98CEF32D536CB00073779C /* TodoFlowUITests.xctest */ = {isa = PBXFileReference; explicitFileType = wrapper.cfbundle; includeInIndex = 0; path = TodoFlowUITests.xctest; sourceTree = BUILT_PRODUCTS_DIR; };
/* End PBXFileReference section */

/* Begin PBXFileSystemSynchronizedBuildFileExceptionSet section */
		ED98CEFB2D536CB00073779C /* Exceptions for "TodoFlow" folder in "TodoFlow" target */ = {
			isa = PBXFileSystemSynchronizedBuildFileExceptionSet;
			membershipExceptions = (
				Info.plist,
			);
			target = ED98CED22D536CAD0073779C /* TodoFlow */;
		};
/* End PBXFileSystemSynchronizedBuildFileExceptionSet section */

/* Begin PBXFileSystemSynchronizedRootGroup section */
		ED98CED52D536CAD0073779C /* TodoFlow */ = {
			isa = PBXFileSystemSynchronizedRootGroup;
			exceptions = (
				ED98CEFB2D536CB00073779C /* Exceptions for "TodoFlow" folder in "TodoFlow" target */,
			);
			path = TodoFlow;
			sourceTree = "<group>";
		};
		ED98CEEC2D536CB00073779C /* TodoFlowTests */ = {
			isa = PBXFileSystemSynchronizedRootGroup;
			path = TodoFlowTests;
			sourceTree = "<group>";
		};
		ED98CEF62D536CB00073779C /* TodoFlowUITests */ = {
			isa = PBXFileSystemSynchronizedRootGroup;
			path = TodoFlowUITests;
			sourceTree = "<group>";
		};
/* End PBXFileSystemSynchronizedRootGroup section */

/* Begin PBXFrameworksBuildPhase section */
		ED98CED02D536CAD0073779C /* Frameworks */ = {
			isa = PBXFrameworksBuildPhase;
			buildActionMask = 2147483647;
			files = (
				ED40A70C2D65BDBF00EB7BC5 /* DGCharts in Frameworks */,
			);
			runOnlyForDeploymentPostprocessing = 0;
		};
		ED98CEE62D536CB00073779C /* Frameworks */ = {
			isa = PBXFrameworksBuildPhase;
			buildActionMask = 2147483647;
			files = (
			);
			runOnlyForDeploymentPostprocessing = 0;
		};
		ED98CEF02D536CB00073779C /* Frameworks */ = {
			isa = PBXFrameworksBuildPhase;
			buildActionMask = 2147483647;
			files = (
			);
			runOnlyForDeploymentPostprocessing = 0;
		};
/* End PBXFrameworksBuildPhase section */

/* Begin PBXGroup section */
		ED98CECA2D536CAD0073779C = {
			isa = PBXGroup;
			children = (
				ED98CED52D536CAD0073779C /* TodoFlow */,
				ED98CEEC2D536CB00073779C /* TodoFlowTests */,
				ED98CEF62D536CB00073779C /* TodoFlowUITests */,
				ED98CED42D536CAD0073779C /* Products */,
			);
			sourceTree = "<group>";
		};
		ED98CED42D536CAD0073779C /* Products */ = {
			isa = PBXGroup;
			children = (
				ED98CED32D536CAD0073779C /* TodoFlow.app */,
				ED98CEE92D536CB00073779C /* TodoFlowTests.xctest */,
				ED98CEF32D536CB00073779C /* TodoFlowUITests.xctest */,
			);
			name = Products;
			sourceTree = "<group>";
		};
/* End PBXGroup section */

/* Begin PBXNativeTarget section */
		ED98CED22D536CAD0073779C /* TodoFlow */ = {
			isa = PBXNativeTarget;
			buildConfigurationList = ED98CEFC2D536CB00073779C /* Build configuration list for PBXNativeTarget "TodoFlow" */;
			buildPhases = (
				ED98CECF2D536CAD0073779C /* Sources */,
				ED98CED02D536CAD0073779C /* Frameworks */,
				ED98CED12D536CAD0073779C /* Resources */,
			);
			buildRules = (
			);
			dependencies = (
			);
			fileSystemSynchronizedGroups = (
				ED98CED52D536CAD0073779C /* TodoFlow */,
			);
			name = TodoFlow;
			packageProductDependencies = (
				ED40A70B2D65BDBF00EB7BC5 /* DGCharts */,
			);
			productName = TodoFlow;
			productReference = ED98CED32D536CAD0073779C /* TodoFlow.app */;
			productType = "com.apple.product-type.application";
		};
		ED98CEE82D536CB00073779C /* TodoFlowTests */ = {
			isa = PBXNativeTarget;
			buildConfigurationList = ED98CF012D536CB00073779C /* Build configuration list for PBXNativeTarget "TodoFlowTests" */;
			buildPhases = (
				ED98CEE52D536CB00073779C /* Sources */,
				ED98CEE62D536CB00073779C /* Frameworks */,
				ED98CEE72D536CB00073779C /* Resources */,
			);
			buildRules = (
			);
			dependencies = (
				ED98CEEB2D536CB00073779C /* PBXTargetDependency */,
			);
			fileSystemSynchronizedGroups = (
				ED98CEEC2D536CB00073779C /* TodoFlowTests */,
			);
			name = TodoFlowTests;
			packageProductDependencies = (
			);
			productName = TodoFlowTests;
			productReference = ED98CEE92D536CB00073779C /* TodoFlowTests.xctest */;
			productType = "com.apple.product-type.bundle.unit-test";
		};
		ED98CEF22D536CB00073779C /* TodoFlowUITests */ = {
			isa = PBXNativeTarget;
			buildConfigurationList = ED98CF042D536CB00073779C /* Build configuration list for PBXNativeTarget "TodoFlowUITests" */;
			buildPhases = (
				ED98CEEF2D536CB00073779C /* Sources */,
				ED98CEF02D536CB00073779C /* Frameworks */,
				ED98CEF12D536CB00073779C /* Resources */,
			);
			buildRules = (
			);
			dependencies = (
				ED98CEF52D536CB00073779C /* PBXTargetDependency */,
			);
			fileSystemSynchronizedGroups = (
				ED98CEF62D536CB00073779C /* TodoFlowUITests */,
			);
			name = TodoFlowUITests;
			packageProductDependencies = (
			);
			productName = TodoFlowUITests;
			productReference = ED98CEF32D536CB00073779C /* TodoFlowUITests.xctest */;
			productType = "com.apple.product-type.bundle.ui-testing";
		};
/* End PBXNativeTarget section */

/* Begin PBXProject section */
		ED98CECB2D536CAD0073779C /* Project object */ = {
			isa = PBXProject;
			attributes = {
				BuildIndependentTargetsInParallel = 1;
				LastSwiftUpdateCheck = 1610;
				LastUpgradeCheck = 1610;
				TargetAttributes = {
					ED98CED22D536CAD0073779C = {
						CreatedOnToolsVersion = 16.1;
					};
					ED98CEE82D536CB00073779C = {
						CreatedOnToolsVersion = 16.1;
						TestTargetID = ED98CED22D536CAD0073779C;
					};
					ED98CEF22D536CB00073779C = {
						CreatedOnToolsVersion = 16.1;
						TestTargetID = ED98CED22D536CAD0073779C;
					};
				};
			};
			buildConfigurationList = ED98CECE2D536CAD0073779C /* Build configuration list for PBXProject "TodoFlow" */;
			developmentRegion = en;
			hasScannedForEncodings = 0;
			knownRegions = (
				en,
				Base,
			);
			mainGroup = ED98CECA2D536CAD0073779C;
			minimizedProjectReferenceProxies = 1;
			packageReferences = (
				ED40A70A2D65BDBF00EB7BC5 /* XCRemoteSwiftPackageReference "Charts" */,
			);
			preferredProjectObjectVersion = 77;
			productRefGroup = ED98CED42D536CAD0073779C /* Products */;
			projectDirPath = "";
			projectRoot = "";
			targets = (
				ED98CED22D536CAD0073779C /* TodoFlow */,
				ED98CEE82D536CB00073779C /* TodoFlowTests */,
				ED98CEF22D536CB00073779C /* TodoFlowUITests */,
			);
		};
/* End PBXProject section */

/* Begin PBXResourcesBuildPhase section */
		ED98CED12D536CAD0073779C /* Resources */ = {
			isa = PBXResourcesBuildPhase;
			buildActionMask = 2147483647;
			files = (
			);
			runOnlyForDeploymentPostprocessing = 0;
		};
		ED98CEE72D536CB00073779C /* Resources */ = {
			isa = PBXResourcesBuildPhase;
			buildActionMask = 2147483647;
			files = (
			);
			runOnlyForDeploymentPostprocessing = 0;
		};
		ED98CEF12D536CB00073779C /* Resources */ = {
			isa = PBXResourcesBuildPhase;
			buildActionMask = 2147483647;
			files = (
			);
			runOnlyForDeploymentPostprocessing = 0;
		};
/* End PBXResourcesBuildPhase section */

/* Begin PBXSourcesBuildPhase section */
		ED98CECF2D536CAD0073779C /* Sources */ = {
			isa = PBXSourcesBuildPhase;
			buildActionMask = 2147483647;
			files = (
			);
			runOnlyForDeploymentPostprocessing = 0;
		};
		ED98CEE52D536CB00073779C /* Sources */ = {
			isa = PBXSourcesBuildPhase;
			buildActionMask = 2147483647;
			files = (
			);
			runOnlyForDeploymentPostprocessing = 0;
		};
		ED98CEEF2D536CB00073779C /* Sources */ = {
			isa = PBXSourcesBuildPhase;
			buildActionMask = 2147483647;
			files = (
			);
			runOnlyForDeploymentPostprocessing = 0;
		};
/* End PBXSourcesBuildPhase section */

/* Begin PBXTargetDependency section */
		ED98CEEB2D536CB00073779C /* PBXTargetDependency */ = {
			isa = PBXTargetDependency;
			target = ED98CED22D536CAD0073779C /* TodoFlow */;
			targetProxy = ED98CEEA2D536CB00073779C /* PBXContainerItemProxy */;
		};
		ED98CEF52D536CB00073779C /* PBXTargetDependency */ = {
			isa = PBXTargetDependency;
			target = ED98CED22D536CAD0073779C /* TodoFlow */;
			targetProxy = ED98CEF42D536CB00073779C /* PBXContainerItemProxy */;
		};
/* End PBXTargetDependency section */

/* Begin XCBuildConfiguration section */
		ED98CEFD2D536CB00073779C /* Debug */ = {
			isa = XCBuildConfiguration;
			buildSettings = {
				ASSETCATALOG_COMPILER_APPICON_NAME = AppIcon;
				ASSETCATALOG_COMPILER_GLOBAL_ACCENT_COLOR_NAME = AccentColor;
				CODE_SIGN_STYLE = Automatic;
				CURRENT_PROJECT_VERSION = 1;
				DEVELOPMENT_TEAM = CF54KG74HD;
				GENERATE_INFOPLIST_FILE = YES;
				INFOPLIST_FILE = TodoFlow/Info.plist;
				INFOPLIST_KEY_UIApplicationSupportsIndirectInputEvents = YES;
				INFOPLIST_KEY_UILaunchStoryboardName = LaunchScreen;
				INFOPLIST_KEY_UIMainStoryboardFile = Main;
				INFOPLIST_KEY_UISupportedInterfaceOrientations_iPad = "UIInterfaceOrientationPortrait UIInterfaceOrientationPortraitUpsideDown UIInterfaceOrientationLandscapeLeft UIInterfaceOrientationLandscapeRight";
				INFOPLIST_KEY_UISupportedInterfaceOrientations_iPhone = "UIInterfaceOrientationPortrait UIInterfaceOrientationLandscapeLeft UIInterfaceOrientationLandscapeRight";
				LD_RUNPATH_SEARCH_PATHS = (
					"$(inherited)",
					"@executable_path/Frameworks",
				);
				MARKETING_VERSION = 1.0;
				PRODUCT_BUNDLE_IDENTIFIER = com.rajingangadharan.TodoFlow;
				PRODUCT_NAME = "$(TARGET_NAME)";
				SWIFT_EMIT_LOC_STRINGS = YES;
				SWIFT_VERSION = 5.0;
				TARGETED_DEVICE_FAMILY = "1,2";
			};
			name = Debug;
		};
		ED98CEFE2D536CB00073779C /* Release */ = {
			isa = XCBuildConfiguration;
			buildSettings = {
				ASSETCATALOG_COMPILER_APPICON_NAME = AppIcon;
				ASSETCATALOG_COMPILER_GLOBAL_ACCENT_COLOR_NAME = AccentColor;
				CODE_SIGN_STYLE = Automatic;
				CURRENT_PROJECT_VERSION = 1;
				DEVELOPMENT_TEAM = CF54KG74HD;
				GENERATE_INFOPLIST_FILE = YES;
				INFOPLIST_FILE = TodoFlow/Info.plist;
				INFOPLIST_KEY_UIApplicationSupportsIndirectInputEvents = YES;
				INFOPLIST_KEY_UILaunchStoryboardName = LaunchScreen;
				INFOPLIST_KEY_UIMainStoryboardFile = Main;
				INFOPLIST_KEY_UISupportedInterfaceOrientations_iPad = "UIInterfaceOrientationPortrait UIInterfaceOrientationPortraitUpsideDown UIInterfaceOrientationLandscapeLeft UIInterfaceOrientationLandscapeRight";
				INFOPLIST_KEY_UISupportedInterfaceOrientations_iPhone = "UIInterfaceOrientationPortrait UIInterfaceOrientationLandscapeLeft UIInterfaceOrientationLandscapeRight";
				LD_RUNPATH_SEARCH_PATHS = (
					"$(inherited)",
					"@executable_path/Frameworks",
				);
				MARKETING_VERSION = 1.0;
				PRODUCT_BUNDLE_IDENTIFIER = com.rajingangadharan.TodoFlow;
				PRODUCT_NAME = "$(TARGET_NAME)";
				SWIFT_EMIT_LOC_STRINGS = YES;
				SWIFT_VERSION = 5.0;
				TARGETED_DEVICE_FAMILY = "1,2";
			};
			name = Release;
		};
		ED98CEFF2D536CB00073779C /* Debug */ = {
			isa = XCBuildConfiguration;
			buildSettings = {
				ALWAYS_SEARCH_USER_PATHS = NO;
				ASSETCATALOG_COMPILER_GENERATE_SWIFT_ASSET_SYMBOL_EXTENSIONS = YES;
				CLANG_ANALYZER_NONNULL = YES;
				CLANG_ANALYZER_NUMBER_OBJECT_CONVERSION = YES_AGGRESSIVE;
				CLANG_CXX_LANGUAGE_STANDARD = "gnu++20";
				CLANG_ENABLE_MODULES = YES;
				CLANG_ENABLE_OBJC_ARC = YES;
				CLANG_ENABLE_OBJC_WEAK = YES;
				CLANG_WARN_BLOCK_CAPTURE_AUTORELEASING = YES;
				CLANG_WARN_BOOL_CONVERSION = YES;
				CLANG_WARN_COMMA = YES;
				CLANG_WARN_CONSTANT_CONVERSION = YES;
				CLANG_WARN_DEPRECATED_OBJC_IMPLEMENTATIONS = YES;
				CLANG_WARN_DIRECT_OBJC_ISA_USAGE = YES_ERROR;
				CLANG_WARN_DOCUMENTATION_COMMENTS = YES;
				CLANG_WARN_EMPTY_BODY = YES;
				CLANG_WARN_ENUM_CONVERSION = YES;
				CLANG_WARN_INFINITE_RECURSION = YES;
				CLANG_WARN_INT_CONVERSION = YES;
				CLANG_WARN_NON_LITERAL_NULL_CONVERSION = YES;
				CLANG_WARN_OBJC_IMPLICIT_RETAIN_SELF = YES;
				CLANG_WARN_OBJC_LITERAL_CONVERSION = YES;
				CLANG_WARN_OBJC_ROOT_CLASS = YES_ERROR;
				CLANG_WARN_QUOTED_INCLUDE_IN_FRAMEWORK_HEADER = YES;
				CLANG_WARN_RANGE_LOOP_ANALYSIS = YES;
				CLANG_WARN_STRICT_PROTOTYPES = YES;
				CLANG_WARN_SUSPICIOUS_MOVE = YES;
				CLANG_WARN_UNGUARDED_AVAILABILITY = YES_AGGRESSIVE;
				CLANG_WARN_UNREACHABLE_CODE = YES;
				CLANG_WARN__DUPLICATE_METHOD_MATCH = YES;
				COPY_PHASE_STRIP = NO;
				DEBUG_INFORMATION_FORMAT = dwarf;
				ENABLE_STRICT_OBJC_MSGSEND = YES;
				ENABLE_TESTABILITY = YES;
				ENABLE_USER_SCRIPT_SANDBOXING = YES;
				GCC_C_LANGUAGE_STANDARD = gnu17;
				GCC_DYNAMIC_NO_PIC = NO;
				GCC_NO_COMMON_BLOCKS = YES;
				GCC_OPTIMIZATION_LEVEL = 0;
				GCC_PREPROCESSOR_DEFINITIONS = (
					"DEBUG=1",
					"$(inherited)",
				);
				GCC_WARN_64_TO_32_BIT_CONVERSION = YES;
				GCC_WARN_ABOUT_RETURN_TYPE = YES_ERROR;
				GCC_WARN_UNDECLARED_SELECTOR = YES;
				GCC_WARN_UNINITIALIZED_AUTOS = YES_AGGRESSIVE;
				GCC_WARN_UNUSED_FUNCTION = YES;
				GCC_WARN_UNUSED_VARIABLE = YES;
				IPHONEOS_DEPLOYMENT_TARGET = 18.1;
				LOCALIZATION_PREFERS_STRING_CATALOGS = YES;
				MTL_ENABLE_DEBUG_INFO = INCLUDE_SOURCE;
				MTL_FAST_MATH = YES;
				ONLY_ACTIVE_ARCH = YES;
				SDKROOT = iphoneos;
				SWIFT_ACTIVE_COMPILATION_CONDITIONS = "DEBUG $(inherited)";
				SWIFT_OPTIMIZATION_LEVEL = "-Onone";
			};
			name = Debug;
		};
		ED98CF002D536CB00073779C /* Release */ = {
			isa = XCBuildConfiguration;
			buildSettings = {
				ALWAYS_SEARCH_USER_PATHS = NO;
				ASSETCATALOG_COMPILER_GENERATE_SWIFT_ASSET_SYMBOL_EXTENSIONS = YES;
				CLANG_ANALYZER_NONNULL = YES;
				CLANG_ANALYZER_NUMBER_OBJECT_CONVERSION = YES_AGGRESSIVE;
				CLANG_CXX_LANGUAGE_STANDARD = "gnu++20";
				CLANG_ENABLE_MODULES = YES;
				CLANG_ENABLE_OBJC_ARC = YES;
				CLANG_ENABLE_OBJC_WEAK = YES;
				CLANG_WARN_BLOCK_CAPTURE_AUTORELEASING = YES;
				CLANG_WARN_BOOL_CONVERSION = YES;
				CLANG_WARN_COMMA = YES;
				CLANG_WARN_CONSTANT_CONVERSION = YES;
				CLANG_WARN_DEPRECATED_OBJC_IMPLEMENTATIONS = YES;
				CLANG_WARN_DIRECT_OBJC_ISA_USAGE = YES_ERROR;
				CLANG_WARN_DOCUMENTATION_COMMENTS = YES;
				CLANG_WARN_EMPTY_BODY = YES;
				CLANG_WARN_ENUM_CONVERSION = YES;
				CLANG_WARN_INFINITE_RECURSION = YES;
				CLANG_WARN_INT_CONVERSION = YES;
				CLANG_WARN_NON_LITERAL_NULL_CONVERSION = YES;
				CLANG_WARN_OBJC_IMPLICIT_RETAIN_SELF = YES;
				CLANG_WARN_OBJC_LITERAL_CONVERSION = YES;
				CLANG_WARN_OBJC_ROOT_CLASS = YES_ERROR;
				CLANG_WARN_QUOTED_INCLUDE_IN_FRAMEWORK_HEADER = YES;
				CLANG_WARN_RANGE_LOOP_ANALYSIS = YES;
				CLANG_WARN_STRICT_PROTOTYPES = YES;
				CLANG_WARN_SUSPICIOUS_MOVE = YES;
				CLANG_WARN_UNGUARDED_AVAILABILITY = YES_AGGRESSIVE;
				CLANG_WARN_UNREACHABLE_CODE = YES;
				CLANG_WARN__DUPLICATE_METHOD_MATCH = YES;
				COPY_PHASE_STRIP = NO;
				DEBUG_INFORMATION_FORMAT = "dwarf-with-dsym";
				ENABLE_NS_ASSERTIONS = NO;
				ENABLE_STRICT_OBJC_MSGSEND = YES;
				ENABLE_USER_SCRIPT_SANDBOXING = YES;
				GCC_C_LANGUAGE_STANDARD = gnu17;
				GCC_NO_COMMON_BLOCKS = YES;
				GCC_WARN_64_TO_32_BIT_CONVERSION = YES;
				GCC_WARN_ABOUT_RETURN_TYPE = YES_ERROR;
				GCC_WARN_UNDECLARED_SELECTOR = YES;
				GCC_WARN_UNINITIALIZED_AUTOS = YES_AGGRESSIVE;
				GCC_WARN_UNUSED_FUNCTION = YES;
				GCC_WARN_UNUSED_VARIABLE = YES;
				IPHONEOS_DEPLOYMENT_TARGET = 18.1;
				LOCALIZATION_PREFERS_STRING_CATALOGS = YES;
				MTL_ENABLE_DEBUG_INFO = NO;
				MTL_FAST_MATH = YES;
				SDKROOT = iphoneos;
				SWIFT_COMPILATION_MODE = wholemodule;
				VALIDATE_PRODUCT = YES;
			};
			name = Release;
		};
		ED98CF022D536CB00073779C /* Debug */ = {
			isa = XCBuildConfiguration;
			buildSettings = {
				BUNDLE_LOADER = "$(TEST_HOST)";
				CODE_SIGN_STYLE = Automatic;
				CURRENT_PROJECT_VERSION = 1;
				DEVELOPMENT_TEAM = CF54KG74HD;
				GENERATE_INFOPLIST_FILE = YES;
				IPHONEOS_DEPLOYMENT_TARGET = 18.1;
				MARKETING_VERSION = 1.0;
				PRODUCT_BUNDLE_IDENTIFIER = com.rajingangadharan.TodoFlowTests;
				PRODUCT_NAME = "$(TARGET_NAME)";
				SWIFT_EMIT_LOC_STRINGS = NO;
				SWIFT_VERSION = 5.0;
				TARGETED_DEVICE_FAMILY = "1,2";
				TEST_HOST = "$(BUILT_PRODUCTS_DIR)/TodoFlow.app/$(BUNDLE_EXECUTABLE_FOLDER_PATH)/TodoFlow";
			};
			name = Debug;
		};
		ED98CF032D536CB00073779C /* Release */ = {
			isa = XCBuildConfiguration;
			buildSettings = {
				BUNDLE_LOADER = "$(TEST_HOST)";
				CODE_SIGN_STYLE = Automatic;
				CURRENT_PROJECT_VERSION = 1;
				DEVELOPMENT_TEAM = CF54KG74HD;
				GENERATE_INFOPLIST_FILE = YES;
				IPHONEOS_DEPLOYMENT_TARGET = 18.1;
				MARKETING_VERSION = 1.0;
				PRODUCT_BUNDLE_IDENTIFIER = com.rajingangadharan.TodoFlowTests;
				PRODUCT_NAME = "$(TARGET_NAME)";
				SWIFT_EMIT_LOC_STRINGS = NO;
				SWIFT_VERSION = 5.0;
				TARGETED_DEVICE_FAMILY = "1,2";
				TEST_HOST = "$(BUILT_PRODUCTS_DIR)/TodoFlow.app/$(BUNDLE_EXECUTABLE_FOLDER_PATH)/TodoFlow";
			};
			name = Release;
		};
		ED98CF052D536CB00073779C /* Debug */ = {
			isa = XCBuildConfiguration;
			buildSettings = {
				CODE_SIGN_STYLE = Automatic;
				CURRENT_PROJECT_VERSION = 1;
				DEVELOPMENT_TEAM = CF54KG74HD;
				GENERATE_INFOPLIST_FILE = YES;
				MARKETING_VERSION = 1.0;
				PRODUCT_BUNDLE_IDENTIFIER = com.rajingangadharan.TodoFlowUITests;
				PRODUCT_NAME = "$(TARGET_NAME)";
				SWIFT_EMIT_LOC_STRINGS = NO;
				SWIFT_VERSION = 5.0;
				TARGETED_DEVICE_FAMILY = "1,2";
				TEST_TARGET_NAME = TodoFlow;
			};
			name = Debug;
		};
		ED98CF062D536CB00073779C /* Release */ = {
			isa = XCBuildConfiguration;
			buildSettings = {
				CODE_SIGN_STYLE = Automatic;
				CURRENT_PROJECT_VERSION = 1;
				DEVELOPMENT_TEAM = CF54KG74HD;
				GENERATE_INFOPLIST_FILE = YES;
				MARKETING_VERSION = 1.0;
				PRODUCT_BUNDLE_IDENTIFIER = com.rajingangadharan.TodoFlowUITests;
				PRODUCT_NAME = "$(TARGET_NAME)";
				SWIFT_EMIT_LOC_STRINGS = NO;
				SWIFT_VERSION = 5.0;
				TARGETED_DEVICE_FAMILY = "1,2";
				TEST_TARGET_NAME = TodoFlow;
			};
			name = Release;
		};
/* End XCBuildConfiguration section */

/* Begin XCConfigurationList section */
		ED98CECE2D536CAD0073779C /* Build configuration list for PBXProject "TodoFlow" */ = {
			isa = XCConfigurationList;
			buildConfigurations = (
				ED98CEFF2D536CB00073779C /* Debug */,
				ED98CF002D536CB00073779C /* Release */,
			);
			defaultConfigurationIsVisible = 0;
			defaultConfigurationName = Release;
		};
		ED98CEFC2D536CB00073779C /* Build configuration list for PBXNativeTarget "TodoFlow" */ = {
			isa = XCConfigurationList;
			buildConfigurations = (
				ED98CEFD2D536CB00073779C /* Debug */,
				ED98CEFE2D536CB00073779C /* Release */,
			);
			defaultConfigurationIsVisible = 0;
			defaultConfigurationName = Release;
		};
		ED98CF012D536CB00073779C /* Build configuration list for PBXNativeTarget "TodoFlowTests" */ = {
			isa = XCConfigurationList;
			buildConfigurations = (
				ED98CF022D536CB00073779C /* Debug */,
				ED98CF032D536CB00073779C /* Release */,
			);
			defaultConfigurationIsVisible = 0;
			defaultConfigurationName = Release;
		};
		ED98CF042D536CB00073779C /* Build configuration list for PBXNativeTarget "TodoFlowUITests" */ = {
			isa = XCConfigurationList;
			buildConfigurations = (
				ED98CF052D536CB00073779C /* Debug */,
				ED98CF062D536CB00073779C /* Release */,
			);
			defaultConfigurationIsVisible = 0;
			defaultConfigurationName = Release;
		};
/* End XCConfigurationList section */

/* Begin XCRemoteSwiftPackageReference section */
		ED40A70A2D65BDBF00EB7BC5 /* XCRemoteSwiftPackageReference "Charts" */ = {
			isa = XCRemoteSwiftPackageReference;
			repositoryURL = "https://github.com/ChartsOrg/Charts.git";
			requirement = {
				kind = upToNextMajorVersion;
				minimumVersion = 5.1.0;
			};
		};
/* End XCRemoteSwiftPackageReference section */

/* Begin XCSwiftPackageProductDependency section */
		ED40A70B2D65BDBF00EB7BC5 /* DGCharts */ = {
			isa = XCSwiftPackageProductDependency;
			package = ED40A70A2D65BDBF00EB7BC5 /* XCRemoteSwiftPackageReference "Charts" */;
			productName = DGCharts;
		};
/* End XCSwiftPackageProductDependency section */
	};
	rootObject = ED98CECB2D536CAD0073779C /* Project object */;
}
